
Microsoft Visual Studio Solution File, Format Version 12.00
# Visual Studio Version 16
VisualStudioVersion = 16.0.32510.428
MinimumVisualStudioVersion = 10.0.40219.1
Project("{9A19103F-16F7-4668-BE54-9A1E7A4F7556}") = "AssemblyDeconstanter", "AssemblyDeconstanter\AssemblyDeconstanter.csproj", "{4A47B7B4-1DA7-4A54-BE4B-17C0F95527CD}"
EndProject
Global
	GlobalSection(SolutionConfigurationPlatforms) = preSolution
		Debug|Any CPU = Debug|Any CPU
		Release|Any CPU = Release|Any CPU
	EndGlobalSection
	GlobalSection(ProjectConfigurationPlatforms) = postSolution
		{4A47B7B4-1DA7-4A54-BE4B-17C0F95527CD}.Debug|Any CPU.ActiveCfg = Debug|Any CPU
		{4A47B7B4-1DA7-4A54-BE4B-17C0F95527CD}.Debug|Any CPU.Build.0 = Debug|Any CPU
		{4A47B7B4-1DA7-4A54-BE4B-17C0F95527CD}.Release|Any CPU.ActiveCfg = Release|Any CPU
		{4A47B7B4-1DA7-4A54-BE4B-17C0F95527CD}.Release|Any CPU.Build.0 = Release|Any CPU
	EndGlobalSection
	GlobalSection(SolutionProperties) = preSolution
		HideSolutionNode = FALSE
	EndGlobalSection
	GlobalSection(ExtensibilityGlobals) = postSolution
		SolutionGuid = {C17EB2F6-B6FE-4F14-80BF-6733D3C6ABAD}
	EndGlobalSection
EndGlobal
